{
  "version": 4,
  "terraform_version": "1.7.1",
  "serial": 68,
  "lineage": "b5d864ef-f031-00f9-fc24-90fb6b806924",
  "outputs": {},
  "resources": [
    {
      "module": "module.folders",
      "mode": "managed",
      "type": "google_compute_instance",
      "name": "mamatoto_hie_server",
      "provider": "provider[\"registry.terraform.io/hashicorp/google\"]",
      "instances": [
        {
          "schema_version": 6,
          "attributes": {
            "advanced_machine_features": [],
            "allow_stopping_for_update": null,
            "attached_disk": [],
            "boot_disk": [
              {
                "auto_delete": false,
                "device_name": "mamatoto-hie-disk",
                "disk_encryption_key_raw": "",
                "disk_encryption_key_sha256": "",
                "initialize_params": [
                  {
                    "enable_confidential_compute": false,
                    "image": "https://www.googleapis.com/compute/v1/projects/debian-cloud/global/images/debian-11-bullseye-v20240709",
                    "labels": {
                      "my_label": "mamatoto-hie-disk"
                    },
                    "provisioned_iops": 0,
                    "provisioned_throughput": 0,
                    "resource_manager_tags": {},
                    "size": 80,
                    "storage_pool": "",
                    "type": "pd-standard"
                  }
                ],
                "kms_key_self_link": "",
                "mode": "READ_WRITE",
                "source": "https://www.googleapis.com/compute/v1/projects/hdc-test-arena/zones/europe-west4-a/disks/mamatoto-hie-disk"
              }
            ],
            "can_ip_forward": false,
            "confidential_instance_config": [],
            "cpu_platform": "Intel Cascade Lake",
            "current_status": "RUNNING",
            "deletion_protection": false,
            "description": "",
            "desired_status": null,
            "effective_labels": {},
            "enable_display": false,
            "guest_accelerator": [],
            "hostname": "",
            "id": "projects/hdc-test-arena/zones/europe-west4-a/instances/mamatoto-hie-disk",
            "instance_id": "1728185557555023922",
            "label_fingerprint": "42WmSpB8rSM=",
            "labels": {},
            "machine_type": "n2-standard-2",
            "metadata": {
              "foo": "bar"
            },
            "metadata_fingerprint": "QyaNwbYO8sM=",
            "metadata_startup_script": "echo hi \u003e /test.txt",
            "min_cpu_platform": "",
            "name": "mamatoto-hie-disk",
            "network_interface": [
              {
                "access_config": [
                  {
                    "nat_ip": "34.90.61.139",
                    "network_tier": "PREMIUM",
                    "public_ptr_domain_name": ""
                  }
                ],
                "alias_ip_range": [],
                "internal_ipv6_prefix_length": 0,
                "ipv6_access_config": [],
                "ipv6_access_type": "",
                "ipv6_address": "",
                "name": "nic0",
                "network": "https://www.googleapis.com/compute/v1/projects/hdc-test-arena/global/networks/default",
                "network_ip": "10.164.0.8",
                "nic_type": "",
                "queue_count": 0,
                "stack_type": "IPV4_ONLY",
                "subnetwork": "https://www.googleapis.com/compute/v1/projects/hdc-test-arena/regions/europe-west4/subnetworks/default",
                "subnetwork_project": "hdc-test-arena"
              }
            ],
            "network_performance_config": [],
            "params": [],
            "project": "hdc-test-arena",
            "reservation_affinity": [],
            "resource_policies": [],
            "scheduling": [
              {
                "automatic_restart": true,
                "instance_termination_action": "",
                "local_ssd_recovery_timeout": [],
                "max_run_duration": [],
                "min_node_cpus": 0,
                "node_affinities": [],
                "on_host_maintenance": "MIGRATE",
                "on_instance_stop_action": [],
                "preemptible": false,
                "provisioning_model": "STANDARD"
              }
            ],
            "scratch_disk": [
              {
                "device_name": "local-ssd-0",
                "interface": "NVME",
                "size": 375
              }
            ],
            "self_link": "https://www.googleapis.com/compute/v1/projects/hdc-test-arena/zones/europe-west4-a/instances/mamatoto-hie-disk",
            "service_account": [
              {
                "email": "452852160142-compute@developer.gserviceaccount.com",
                "scopes": [
                  "https://www.googleapis.com/auth/devstorage.read_only",
                  "https://www.googleapis.com/auth/logging.write",
                  "https://www.googleapis.com/auth/monitoring.write",
                  "https://www.googleapis.com/auth/pubsub",
                  "https://www.googleapis.com/auth/service.management.readonly",
                  "https://www.googleapis.com/auth/servicecontrol",
                  "https://www.googleapis.com/auth/trace.append"
                ]
              }
            ],
            "shielded_instance_config": [
              {
                "enable_integrity_monitoring": true,
                "enable_secure_boot": false,
                "enable_vtpm": true
              }
            ],
            "tags": [
              "http-server",
              "https-server"
            ],
            "tags_fingerprint": "6smc4R4d39I=",
            "terraform_labels": {},
            "timeouts": null,
            "zone": "europe-west4-a"
          },
          "sensitive_attributes": [],
          "private": "eyJlMmJmYjczMC1lY2FhLTExZTYtOGY4OC0zNDM2M2JjN2M0YzAiOnsiY3JlYXRlIjoxMjAwMDAwMDAwMDAwLCJkZWxldGUiOjEyMDAwMDAwMDAwMDAsInVwZGF0ZSI6MTIwMDAwMDAwMDAwMH0sInNjaGVtYV92ZXJzaW9uIjoiNiJ9"
        }
      ]
    },
    {
      "module": "module.folders",
      "mode": "managed",
      "type": "google_service_account",
      "name": "default",
      "provider": "provider[\"registry.terraform.io/hashicorp/google\"]",
      "instances": [
        {
          "schema_version": 0,
          "attributes": {
            "account_id": "hdc-test-arena",
            "create_ignore_already_exists": null,
            "description": "",
            "disabled": false,
            "display_name": "Custom SA for VM Instance",
            "email": "hdc-test-arena@hdc-test-arena.iam.gserviceaccount.com",
            "id": "projects/hdc-test-arena/serviceAccounts/hdc-test-arena@hdc-test-arena.iam.gserviceaccount.com",
            "member": "serviceAccount:hdc-test-arena@hdc-test-arena.iam.gserviceaccount.com",
            "name": "projects/hdc-test-arena/serviceAccounts/hdc-test-arena@hdc-test-arena.iam.gserviceaccount.com",
            "project": "hdc-test-arena",
            "timeouts": null,
            "unique_id": "104453449108044865481"
          },
          "sensitive_attributes": [],
          "private": "eyJlMmJmYjczMC1lY2FhLTExZTYtOGY4OC0zNDM2M2JjN2M0YzAiOnsiY3JlYXRlIjozMDAwMDAwMDAwMDB9fQ=="
        }
      ]
    }
  ],
  "check_results": null
}
